
Microsoft Visual Studio Solution File, Format Version 12.00
# Visual Studio Version 17
VisualStudioVersion = 17.5.33516.290
MinimumVisualStudioVersion = 10.0.40219.1
Project("{8BC9CEB8-8B4A-11D0-8D11-00A0C91BC942}") = "mediasoupclient", "build\mediasoupclient.vcxproj", "{423D933D-52C6-3017-B65C-6FC44EC181E6}"
EndProject
Project("{8BC9CEB8-8B4A-11D0-8D11-00A0C91BC942}") = "sdptransform", "build\libsdptransform\sdptransform.vcxproj", "{CB64C764-9AC6-3F61-80A3-7969611C2455}"
EndProject
Project("{8BC9CEB8-8B4A-11D0-8D11-00A0C91BC942}") = "ZERO_CHECK", "build\ZERO_CHECK.vcxproj", "{A74F0D84-B4FB-3BA1-B445-A70214B69BED}"
EndProject
Project("{9A19103F-16F7-4668-BE54-9A1E7A4F7556}") = "MediasoupClient.Net", "src\binding\MediasoupClient.Net.csproj", "{C52ABF6A-F6DD-4D46-8869-77A85C574720}"
EndProject
Project("{8BC9CEB8-8B4A-11D0-8D11-00A0C91BC942}") = "mediasoupclientwrapper", "mediasoupclientwrapper\mediasoupclientwrapper.vcxproj", "{0FA58E50-8779-4BCF-B7FC-54F6B3DFBBC8}"
EndProject
Global
	GlobalSection(SolutionConfigurationPlatforms) = preSolution
		Debug|x64 = Debug|x64
		Debug|x86 = Debug|x86
		MinSizeRel|x64 = MinSizeRel|x64
		MinSizeRel|x86 = MinSizeRel|x86
		Release|x64 = Release|x64
		Release|x86 = Release|x86
		RelWithDebInfo|x64 = RelWithDebInfo|x64
		RelWithDebInfo|x86 = RelWithDebInfo|x86
	EndGlobalSection
	GlobalSection(ProjectConfigurationPlatforms) = postSolution
		{423D933D-52C6-3017-B65C-6FC44EC181E6}.Debug|x64.ActiveCfg = Release|x64
		{423D933D-52C6-3017-B65C-6FC44EC181E6}.Debug|x64.Build.0 = Release|x64
		{423D933D-52C6-3017-B65C-6FC44EC181E6}.Debug|x86.ActiveCfg = Debug|x64
		{423D933D-52C6-3017-B65C-6FC44EC181E6}.Debug|x86.Build.0 = Debug|x64
		{423D933D-52C6-3017-B65C-6FC44EC181E6}.MinSizeRel|x64.ActiveCfg = Release|x64
		{423D933D-52C6-3017-B65C-6FC44EC181E6}.MinSizeRel|x64.Build.0 = Release|x64
		{423D933D-52C6-3017-B65C-6FC44EC181E6}.MinSizeRel|x86.ActiveCfg = Debug|x64
		{423D933D-52C6-3017-B65C-6FC44EC181E6}.MinSizeRel|x86.Build.0 = Debug|x64
		{423D933D-52C6-3017-B65C-6FC44EC181E6}.Release|x64.ActiveCfg = Release|x64
		{423D933D-52C6-3017-B65C-6FC44EC181E6}.Release|x64.Build.0 = Release|x64
		{423D933D-52C6-3017-B65C-6FC44EC181E6}.Release|x86.ActiveCfg = Release|x64
		{423D933D-52C6-3017-B65C-6FC44EC181E6}.Release|x86.Build.0 = Release|x64
		{423D933D-52C6-3017-B65C-6FC44EC181E6}.RelWithDebInfo|x64.ActiveCfg = Release|x64
		{423D933D-52C6-3017-B65C-6FC44EC181E6}.RelWithDebInfo|x64.Build.0 = Release|x64
		{423D933D-52C6-3017-B65C-6FC44EC181E6}.RelWithDebInfo|x86.ActiveCfg = Release|x64
		{423D933D-52C6-3017-B65C-6FC44EC181E6}.RelWithDebInfo|x86.Build.0 = Release|x64
		{CB64C764-9AC6-3F61-80A3-7969611C2455}.Debug|x64.ActiveCfg = Debug|x64
		{CB64C764-9AC6-3F61-80A3-7969611C2455}.Debug|x64.Build.0 = Debug|x64
		{CB64C764-9AC6-3F61-80A3-7969611C2455}.Debug|x86.ActiveCfg = Debug|x64
		{CB64C764-9AC6-3F61-80A3-7969611C2455}.Debug|x86.Build.0 = Debug|x64
		{CB64C764-9AC6-3F61-80A3-7969611C2455}.MinSizeRel|x64.ActiveCfg = Debug|x64
		{CB64C764-9AC6-3F61-80A3-7969611C2455}.MinSizeRel|x64.Build.0 = Debug|x64
		{CB64C764-9AC6-3F61-80A3-7969611C2455}.MinSizeRel|x86.ActiveCfg = Release|x64
		{CB64C764-9AC6-3F61-80A3-7969611C2455}.MinSizeRel|x86.Build.0 = Release|x64
		{CB64C764-9AC6-3F61-80A3-7969611C2455}.Release|x64.ActiveCfg = Release|x64
		{CB64C764-9AC6-3F61-80A3-7969611C2455}.Release|x64.Build.0 = Release|x64
		{CB64C764-9AC6-3F61-80A3-7969611C2455}.Release|x86.ActiveCfg = Release|x64
		{CB64C764-9AC6-3F61-80A3-7969611C2455}.Release|x86.Build.0 = Release|x64
		{CB64C764-9AC6-3F61-80A3-7969611C2455}.RelWithDebInfo|x64.ActiveCfg = Release|x64
		{CB64C764-9AC6-3F61-80A3-7969611C2455}.RelWithDebInfo|x64.Build.0 = Release|x64
		{CB64C764-9AC6-3F61-80A3-7969611C2455}.RelWithDebInfo|x86.ActiveCfg = Release|x64
		{CB64C764-9AC6-3F61-80A3-7969611C2455}.RelWithDebInfo|x86.Build.0 = Release|x64
		{A74F0D84-B4FB-3BA1-B445-A70214B69BED}.Debug|x64.ActiveCfg = Debug|x64
		{A74F0D84-B4FB-3BA1-B445-A70214B69BED}.Debug|x64.Build.0 = Debug|x64
		{A74F0D84-B4FB-3BA1-B445-A70214B69BED}.Debug|x86.ActiveCfg = Debug|x64
		{A74F0D84-B4FB-3BA1-B445-A70214B69BED}.Debug|x86.Build.0 = Debug|x64
		{A74F0D84-B4FB-3BA1-B445-A70214B69BED}.MinSizeRel|x64.ActiveCfg = Debug|x64
		{A74F0D84-B4FB-3BA1-B445-A70214B69BED}.MinSizeRel|x64.Build.0 = Debug|x64
		{A74F0D84-B4FB-3BA1-B445-A70214B69BED}.MinSizeRel|x86.ActiveCfg = Release|x64
		{A74F0D84-B4FB-3BA1-B445-A70214B69BED}.MinSizeRel|x86.Build.0 = Release|x64
		{A74F0D84-B4FB-3BA1-B445-A70214B69BED}.Release|x64.ActiveCfg = Release|x64
		{A74F0D84-B4FB-3BA1-B445-A70214B69BED}.Release|x64.Build.0 = Release|x64
		{A74F0D84-B4FB-3BA1-B445-A70214B69BED}.Release|x86.ActiveCfg = Release|x64
		{A74F0D84-B4FB-3BA1-B445-A70214B69BED}.Release|x86.Build.0 = Release|x64
		{A74F0D84-B4FB-3BA1-B445-A70214B69BED}.RelWithDebInfo|x64.ActiveCfg = Release|x64
		{A74F0D84-B4FB-3BA1-B445-A70214B69BED}.RelWithDebInfo|x64.Build.0 = Release|x64
		{A74F0D84-B4FB-3BA1-B445-A70214B69BED}.RelWithDebInfo|x86.ActiveCfg = Release|x64
		{A74F0D84-B4FB-3BA1-B445-A70214B69BED}.RelWithDebInfo|x86.Build.0 = Release|x64
		{C52ABF6A-F6DD-4D46-8869-77A85C574720}.Debug|x64.ActiveCfg = Debug|Any CPU
		{C52ABF6A-F6DD-4D46-8869-77A85C574720}.Debug|x64.Build.0 = Debug|Any CPU
		{C52ABF6A-F6DD-4D46-8869-77A85C574720}.Debug|x86.ActiveCfg = Debug|Any CPU
		{C52ABF6A-F6DD-4D46-8869-77A85C574720}.Debug|x86.Build.0 = Debug|Any CPU
		{C52ABF6A-F6DD-4D46-8869-77A85C574720}.MinSizeRel|x64.ActiveCfg = Debug|Any CPU
		{C52ABF6A-F6DD-4D46-8869-77A85C574720}.MinSizeRel|x64.Build.0 = Debug|Any CPU
		{C52ABF6A-F6DD-4D46-8869-77A85C574720}.MinSizeRel|x86.ActiveCfg = Release|Any CPU
		{C52ABF6A-F6DD-4D46-8869-77A85C574720}.MinSizeRel|x86.Build.0 = Release|Any CPU
		{C52ABF6A-F6DD-4D46-8869-77A85C574720}.Release|x64.ActiveCfg = Release|Any CPU
		{C52ABF6A-F6DD-4D46-8869-77A85C574720}.Release|x64.Build.0 = Release|Any CPU
		{C52ABF6A-F6DD-4D46-8869-77A85C574720}.Release|x86.ActiveCfg = Release|Any CPU
		{C52ABF6A-F6DD-4D46-8869-77A85C574720}.Release|x86.Build.0 = Release|Any CPU
		{C52ABF6A-F6DD-4D46-8869-77A85C574720}.RelWithDebInfo|x64.ActiveCfg = Debug|Any CPU
		{C52ABF6A-F6DD-4D46-8869-77A85C574720}.RelWithDebInfo|x64.Build.0 = Debug|Any CPU
		{C52ABF6A-F6DD-4D46-8869-77A85C574720}.RelWithDebInfo|x86.ActiveCfg = Release|Any CPU
		{C52ABF6A-F6DD-4D46-8869-77A85C574720}.RelWithDebInfo|x86.Build.0 = Release|Any CPU
		{0FA58E50-8779-4BCF-B7FC-54F6B3DFBBC8}.Debug|x64.ActiveCfg = Debug|x64
		{0FA58E50-8779-4BCF-B7FC-54F6B3DFBBC8}.Debug|x64.Build.0 = Debug|x64
		{0FA58E50-8779-4BCF-B7FC-54F6B3DFBBC8}.Debug|x86.ActiveCfg = Debug|Win32
		{0FA58E50-8779-4BCF-B7FC-54F6B3DFBBC8}.Debug|x86.Build.0 = Debug|Win32
		{0FA58E50-8779-4BCF-B7FC-54F6B3DFBBC8}.MinSizeRel|x64.ActiveCfg = Debug|x64
		{0FA58E50-8779-4BCF-B7FC-54F6B3DFBBC8}.MinSizeRel|x64.Build.0 = Debug|x64
		{0FA58E50-8779-4BCF-B7FC-54F6B3DFBBC8}.MinSizeRel|x86.ActiveCfg = Debug|Win32
		{0FA58E50-8779-4BCF-B7FC-54F6B3DFBBC8}.MinSizeRel|x86.Build.0 = Debug|Win32
		{0FA58E50-8779-4BCF-B7FC-54F6B3DFBBC8}.Release|x64.ActiveCfg = Release|x64
		{0FA58E50-8779-4BCF-B7FC-54F6B3DFBBC8}.Release|x64.Build.0 = Release|x64
		{0FA58E50-8779-4BCF-B7FC-54F6B3DFBBC8}.Release|x86.ActiveCfg = Release|Win32
		{0FA58E50-8779-4BCF-B7FC-54F6B3DFBBC8}.Release|x86.Build.0 = Release|Win32
		{0FA58E50-8779-4BCF-B7FC-54F6B3DFBBC8}.RelWithDebInfo|x64.ActiveCfg = Release|x64
		{0FA58E50-8779-4BCF-B7FC-54F6B3DFBBC8}.RelWithDebInfo|x64.Build.0 = Release|x64
		{0FA58E50-8779-4BCF-B7FC-54F6B3DFBBC8}.RelWithDebInfo|x86.ActiveCfg = Release|Win32
		{0FA58E50-8779-4BCF-B7FC-54F6B3DFBBC8}.RelWithDebInfo|x86.Build.0 = Release|Win32
	EndGlobalSection
	GlobalSection(SolutionProperties) = preSolution
		HideSolutionNode = FALSE
	EndGlobalSection
	GlobalSection(ExtensibilityGlobals) = postSolution
		SolutionGuid = {081FEAD6-594D-4359-A6E9-8003BAB10DA1}
	EndGlobalSection
EndGlobal
